
Microsoft Visual Studio Solution File, Format Version 12.00
# Visual Studio Version 16
VisualStudioVersion = 16.0.28803.202
MinimumVisualStudioVersion = 10.0.40219.1
Project("{FAE04EC0-301F-11D3-BF4B-00C04F79EFBC}") = "ManifestoForAddOns", "Manifesto\ManifestoForAddOns.csproj", "{A7CB18F2-A148-43DE-8BF6-FE0523BD4988}"
EndProject
Project("{FAE04EC0-301F-11D3-BF4B-00C04F79EFBC}") = "ImportSequenceNumber", "ImportSequenceNumber\ImportSequenceNumber.csproj", "{0E5D30F8-306C-4F05-9C53-BEC0A9D7EDBC}"
EndProject
Project("{FAE04EC0-301F-11D3-BF4B-00C04F79EFBC}") = "DerivePageCountFromPageRange", "DerivePageCountFromPageRange\DerivePageCountFromPageRange.csproj", "{84D6D803-B871-4FF3-8DF0-DDBB543E08F2}"
EndProject
Project("{FAE04EC0-301F-11D3-BF4B-00C04F79EFBC}") = "MacroManager", "MacroManager\MacroManager.csproj", "{138AD9BA-C3FA-4BC4-9B26-6CC5DCB40476}"
EndProject
Project("{FAE04EC0-301F-11D3-BF4B-00C04F79EFBC}") = "ImportJournals", "ImportJournals\ImportJournals.csproj", "{7C4C5EC3-3F5D-49D8-8A6B-2686404A629F}"
EndProject
Project("{FAE04EC0-301F-11D3-BF4B-00C04F79EFBC}") = "NormalizeAllCapitalAuthorNames", "NormalizeAllCapitalAuthorNames\NormalizeAllCapitalAuthorNames.csproj", "{1541D624-73E8-4946-8FB7-470615C496A0}"
EndProject
Project("{FAE04EC0-301F-11D3-BF4B-00C04F79EFBC}") = "CheckUrlAndSetDate", "CheckUrlAndSetDate\CheckUrlAndSetDate.csproj", "{93D81773-5279-4A8C-8B58-E88D147900E1}"
EndProject
Project("{2150E333-8FDC-42A3-9474-1A3956D46DE8}") = "AddOns", "AddOns", "{43BC8C9D-3E3E-4A6C-8081-B650A64B4AB8}"
EndProject
Project("{2150E333-8FDC-42A3-9474-1A3956D46DE8}") = "Utilities", "Utilities", "{92E6E362-5BE1-44F8-BABE-B71366259D34}"
EndProject
Project("{FAE04EC0-301F-11D3-BF4B-00C04F79EFBC}") = "ImportPdfsAndCategorySystem", "ImportPdfsAndCategorySystem\ImportPdfsAndCategorySystem.csproj", "{A4888F2C-83AB-43A0-9716-09193F684981}"
EndProject
Project("{FAE04EC0-301F-11D3-BF4B-00C04F79EFBC}") = "C6ToC5Export", "C6ToC5Export\C6ToC5Export.csproj", "{423CBE60-9BE3-49DB-9095-1BC2A64ABBE3}"
EndProject
Project("{FAE04EC0-301F-11D3-BF4B-00C04F79EFBC}") = "ExtractDOIsFromLinkedPDFs", "ExtractDOIsFromLinkedPDFs\ExtractDOIsFromLinkedPDFs.csproj", "{F1FB8384-4F8F-4FB4-ADFF-16993343733F}"
EndProject
Project("{FAE04EC0-301F-11D3-BF4B-00C04F79EFBC}") = "UpdateBibliographicDataFromPubMedSearch", "UpdateBibliographicDataFromPubMedSearch\UpdateBibliographicDataFromPubMedSearch.csproj", "{08F006D3-9B79-40D2-9ABF-A8FC0FE298F4}"
EndProject
Project("{FAE04EC0-301F-11D3-BF4B-00C04F79EFBC}") = "SendReferenceByEmail", "SendReferenceByEmail\SendReferenceByEmail.csproj", "{87D58E63-DF39-41A5-913D-554ED57B211D}"
EndProject
Project("{FAE04EC0-301F-11D3-BF4B-00C04F79EFBC}") = "BookOrderByEmail", "BookOrderByEmail\BookOrderByEmail.csproj", "{3B04829E-9B3E-4114-AC09-E79A4AC6E0F2}"
EndProject
Project("{FAE04EC0-301F-11D3-BF4B-00C04F79EFBC}") = "ReferenceEvaluation", "ReferenceEvaluation\ReferenceEvaluation.csproj", "{6DB1FFE3-CDE6-459E-9A60-27ACD7EE462B}"
EndProject
Project("{FAE04EC0-301F-11D3-BF4B-00C04F79EFBC}") = "SettingsView", "SettingsView\SettingsView.csproj", "{7A7C1902-DA88-458A-9C3F-24E5E6EF1ABA}"
EndProject
Project("{FAE04EC0-301F-11D3-BF4B-00C04F79EFBC}") = "HideHelpBox", "HideHelpBox\HideHelpBox.csproj", "{CF91AD69-885E-4192-AB3F-7080BBA8D8F7}"
EndProject
Project("{FAE04EC0-301F-11D3-BF4B-00C04F79EFBC}") = "SortReferencesByParentChild", "SortReferencesByParentChild\SortReferencesByParentChild.csproj", "{465C5BBD-C386-434A-A4DB-864D80FB33DF}"
EndProject
Project("{FAE04EC0-301F-11D3-BF4B-00C04F79EFBC}") = "OpenWith", "OpenWith\OpenWith.csproj", "{659E4146-8ECD-47D7-B267-93E2348D5384}"
EndProject
Project("{FAE04EC0-301F-11D3-BF4B-00C04F79EFBC}") = "TomatoTimer", "TomatoTimer\TomatoTimer.csproj", "{29AA4196-3E36-4CDE-B49C-C0D61A44B9A1}"
EndProject
Project("{FAE04EC0-301F-11D3-BF4B-00C04F79EFBC}") = "ReferenceEditorKnowledgeOrganizerFilterCoordination", "ReferenceEditorKnowledgeOrganizerFilterCoordination\ReferenceEditorKnowledgeOrganizerFilterCoordination.csproj", "{DC28EE07-8F0C-42A5-95DA-1E5D479528C2}"
EndProject
Project("{FAE04EC0-301F-11D3-BF4B-00C04F79EFBC}") = "ReferenceGridFormWorkSpaceEditor", "ReferenceGridFormWorkSpaceEditor\ReferenceGridFormWorkSpaceEditor.csproj", "{B6961D86-3FDF-45B7-AF31-7652B319FEC7}"
EndProject
Project("{FAE04EC0-301F-11D3-BF4B-00C04F79EFBC}") = "ExportAttachmentsToCategoryFolderStructure", "ExportAttachmentsToCategoryFolderStructure\ExportAttachmentsToCategoryFolderStructure.csproj", "{5D993D2E-4005-46B3-B0D7-2DD4FDBF577B}"
EndProject
Global
	GlobalSection(SolutionConfigurationPlatforms) = preSolution
		Debug|Any CPU = Debug|Any CPU
		Debug|x86 = Debug|x86
		Release|Any CPU = Release|Any CPU
		Release|x86 = Release|x86
	EndGlobalSection
	GlobalSection(ProjectConfigurationPlatforms) = postSolution
		{A7CB18F2-A148-43DE-8BF6-FE0523BD4988}.Debug|Any CPU.ActiveCfg = Debug|Any CPU
		{A7CB18F2-A148-43DE-8BF6-FE0523BD4988}.Debug|Any CPU.Build.0 = Debug|Any CPU
		{A7CB18F2-A148-43DE-8BF6-FE0523BD4988}.Debug|x86.ActiveCfg = Debug|Any CPU
		{A7CB18F2-A148-43DE-8BF6-FE0523BD4988}.Debug|x86.Build.0 = Debug|Any CPU
		{A7CB18F2-A148-43DE-8BF6-FE0523BD4988}.Release|Any CPU.ActiveCfg = Release|Any CPU
		{A7CB18F2-A148-43DE-8BF6-FE0523BD4988}.Release|Any CPU.Build.0 = Release|Any CPU
		{A7CB18F2-A148-43DE-8BF6-FE0523BD4988}.Release|x86.ActiveCfg = Release|Any CPU
		{A7CB18F2-A148-43DE-8BF6-FE0523BD4988}.Release|x86.Build.0 = Release|Any CPU
		{0E5D30F8-306C-4F05-9C53-BEC0A9D7EDBC}.Debug|Any CPU.ActiveCfg = Debug|Any CPU
		{0E5D30F8-306C-4F05-9C53-BEC0A9D7EDBC}.Debug|Any CPU.Build.0 = Debug|Any CPU
		{0E5D30F8-306C-4F05-9C53-BEC0A9D7EDBC}.Debug|x86.ActiveCfg = Debug|Any CPU
		{0E5D30F8-306C-4F05-9C53-BEC0A9D7EDBC}.Debug|x86.Build.0 = Debug|Any CPU
		{0E5D30F8-306C-4F05-9C53-BEC0A9D7EDBC}.Release|Any CPU.ActiveCfg = Release|Any CPU
		{0E5D30F8-306C-4F05-9C53-BEC0A9D7EDBC}.Release|Any CPU.Build.0 = Release|Any CPU
		{0E5D30F8-306C-4F05-9C53-BEC0A9D7EDBC}.Release|x86.ActiveCfg = Release|Any CPU
		{0E5D30F8-306C-4F05-9C53-BEC0A9D7EDBC}.Release|x86.Build.0 = Release|Any CPU
		{84D6D803-B871-4FF3-8DF0-DDBB543E08F2}.Debug|Any CPU.ActiveCfg = Debug|Any CPU
		{84D6D803-B871-4FF3-8DF0-DDBB543E08F2}.Debug|Any CPU.Build.0 = Debug|Any CPU
		{84D6D803-B871-4FF3-8DF0-DDBB543E08F2}.Debug|x86.ActiveCfg = Debug|x86
		{84D6D803-B871-4FF3-8DF0-DDBB543E08F2}.Debug|x86.Build.0 = Debug|x86
		{84D6D803-B871-4FF3-8DF0-DDBB543E08F2}.Release|Any CPU.ActiveCfg = Release|Any CPU
		{84D6D803-B871-4FF3-8DF0-DDBB543E08F2}.Release|Any CPU.Build.0 = Release|Any CPU
		{84D6D803-B871-4FF3-8DF0-DDBB543E08F2}.Release|x86.ActiveCfg = Release|x86
		{84D6D803-B871-4FF3-8DF0-DDBB543E08F2}.Release|x86.Build.0 = Release|x86
		{138AD9BA-C3FA-4BC4-9B26-6CC5DCB40476}.Debug|Any CPU.ActiveCfg = Debug|Any CPU
		{138AD9BA-C3FA-4BC4-9B26-6CC5DCB40476}.Debug|Any CPU.Build.0 = Debug|Any CPU
		{138AD9BA-C3FA-4BC4-9B26-6CC5DCB40476}.Debug|x86.ActiveCfg = Debug|Any CPU
		{138AD9BA-C3FA-4BC4-9B26-6CC5DCB40476}.Debug|x86.Build.0 = Debug|Any CPU
		{138AD9BA-C3FA-4BC4-9B26-6CC5DCB40476}.Release|Any CPU.ActiveCfg = Release|Any CPU
		{138AD9BA-C3FA-4BC4-9B26-6CC5DCB40476}.Release|Any CPU.Build.0 = Release|Any CPU
		{138AD9BA-C3FA-4BC4-9B26-6CC5DCB40476}.Release|x86.ActiveCfg = Release|Any CPU
		{138AD9BA-C3FA-4BC4-9B26-6CC5DCB40476}.Release|x86.Build.0 = Release|Any CPU
		{7C4C5EC3-3F5D-49D8-8A6B-2686404A629F}.Debug|Any CPU.ActiveCfg = Debug|Any CPU
		{7C4C5EC3-3F5D-49D8-8A6B-2686404A629F}.Debug|Any CPU.Build.0 = Debug|Any CPU
		{7C4C5EC3-3F5D-49D8-8A6B-2686404A629F}.Debug|x86.ActiveCfg = Debug|Any CPU
		{7C4C5EC3-3F5D-49D8-8A6B-2686404A629F}.Debug|x86.Build.0 = Debug|Any CPU
		{7C4C5EC3-3F5D-49D8-8A6B-2686404A629F}.Release|Any CPU.ActiveCfg = Release|Any CPU
		{7C4C5EC3-3F5D-49D8-8A6B-2686404A629F}.Release|Any CPU.Build.0 = Release|Any CPU
		{7C4C5EC3-3F5D-49D8-8A6B-2686404A629F}.Release|x86.ActiveCfg = Release|Any CPU
		{7C4C5EC3-3F5D-49D8-8A6B-2686404A629F}.Release|x86.Build.0 = Release|Any CPU
		{1541D624-73E8-4946-8FB7-470615C496A0}.Debug|Any CPU.ActiveCfg = Debug|Any CPU
		{1541D624-73E8-4946-8FB7-470615C496A0}.Debug|Any CPU.Build.0 = Debug|Any CPU
		{1541D624-73E8-4946-8FB7-470615C496A0}.Debug|x86.ActiveCfg = Debug|Any CPU
		{1541D624-73E8-4946-8FB7-470615C496A0}.Debug|x86.Build.0 = Debug|Any CPU
		{1541D624-73E8-4946-8FB7-470615C496A0}.Release|Any CPU.ActiveCfg = Release|Any CPU
		{1541D624-73E8-4946-8FB7-470615C496A0}.Release|Any CPU.Build.0 = Release|Any CPU
		{1541D624-73E8-4946-8FB7-470615C496A0}.Release|x86.ActiveCfg = Release|Any CPU
		{1541D624-73E8-4946-8FB7-470615C496A0}.Release|x86.Build.0 = Release|Any CPU
		{93D81773-5279-4A8C-8B58-E88D147900E1}.Debug|Any CPU.ActiveCfg = Debug|Any CPU
		{93D81773-5279-4A8C-8B58-E88D147900E1}.Debug|Any CPU.Build.0 = Debug|Any CPU
		{93D81773-5279-4A8C-8B58-E88D147900E1}.Debug|x86.ActiveCfg = Debug|Any CPU
		{93D81773-5279-4A8C-8B58-E88D147900E1}.Debug|x86.Build.0 = Debug|Any CPU
		{93D81773-5279-4A8C-8B58-E88D147900E1}.Release|Any CPU.ActiveCfg = Release|Any CPU
		{93D81773-5279-4A8C-8B58-E88D147900E1}.Release|Any CPU.Build.0 = Release|Any CPU
		{93D81773-5279-4A8C-8B58-E88D147900E1}.Release|x86.ActiveCfg = Release|Any CPU
		{93D81773-5279-4A8C-8B58-E88D147900E1}.Release|x86.Build.0 = Release|Any CPU
		{A4888F2C-83AB-43A0-9716-09193F684981}.Debug|Any CPU.ActiveCfg = Debug|Any CPU
		{A4888F2C-83AB-43A0-9716-09193F684981}.Debug|Any CPU.Build.0 = Debug|Any CPU
		{A4888F2C-83AB-43A0-9716-09193F684981}.Debug|x86.ActiveCfg = Debug|Any CPU
		{A4888F2C-83AB-43A0-9716-09193F684981}.Debug|x86.Build.0 = Debug|Any CPU
		{A4888F2C-83AB-43A0-9716-09193F684981}.Release|Any CPU.ActiveCfg = Release|Any CPU
		{A4888F2C-83AB-43A0-9716-09193F684981}.Release|Any CPU.Build.0 = Release|Any CPU
		{A4888F2C-83AB-43A0-9716-09193F684981}.Release|x86.ActiveCfg = Release|Any CPU
		{A4888F2C-83AB-43A0-9716-09193F684981}.Release|x86.Build.0 = Release|Any CPU
		{423CBE60-9BE3-49DB-9095-1BC2A64ABBE3}.Debug|Any CPU.ActiveCfg = Debug|Any CPU
		{423CBE60-9BE3-49DB-9095-1BC2A64ABBE3}.Debug|Any CPU.Build.0 = Debug|Any CPU
		{423CBE60-9BE3-49DB-9095-1BC2A64ABBE3}.Debug|x86.ActiveCfg = Debug|Any CPU
		{423CBE60-9BE3-49DB-9095-1BC2A64ABBE3}.Debug|x86.Build.0 = Debug|Any CPU
		{423CBE60-9BE3-49DB-9095-1BC2A64ABBE3}.Release|Any CPU.ActiveCfg = Release|Any CPU
		{423CBE60-9BE3-49DB-9095-1BC2A64ABBE3}.Release|Any CPU.Build.0 = Release|Any CPU
		{423CBE60-9BE3-49DB-9095-1BC2A64ABBE3}.Release|x86.ActiveCfg = Release|Any CPU
		{423CBE60-9BE3-49DB-9095-1BC2A64ABBE3}.Release|x86.Build.0 = Release|Any CPU
		{F1FB8384-4F8F-4FB4-ADFF-16993343733F}.Debug|Any CPU.ActiveCfg = Debug|Any CPU
		{F1FB8384-4F8F-4FB4-ADFF-16993343733F}.Debug|Any CPU.Build.0 = Debug|Any CPU
		{F1FB8384-4F8F-4FB4-ADFF-16993343733F}.Debug|x86.ActiveCfg = Debug|Any CPU
		{F1FB8384-4F8F-4FB4-ADFF-16993343733F}.Debug|x86.Build.0 = Debug|Any CPU
		{F1FB8384-4F8F-4FB4-ADFF-16993343733F}.Release|Any CPU.ActiveCfg = Release|Any CPU
		{F1FB8384-4F8F-4FB4-ADFF-16993343733F}.Release|Any CPU.Build.0 = Release|Any CPU
		{F1FB8384-4F8F-4FB4-ADFF-16993343733F}.Release|x86.ActiveCfg = Release|Any CPU
		{F1FB8384-4F8F-4FB4-ADFF-16993343733F}.Release|x86.Build.0 = Release|Any CPU
		{08F006D3-9B79-40D2-9ABF-A8FC0FE298F4}.Debug|Any CPU.ActiveCfg = Debug|Any CPU
		{08F006D3-9B79-40D2-9ABF-A8FC0FE298F4}.Debug|Any CPU.Build.0 = Debug|Any CPU
		{08F006D3-9B79-40D2-9ABF-A8FC0FE298F4}.Debug|x86.ActiveCfg = Debug|Any CPU
		{08F006D3-9B79-40D2-9ABF-A8FC0FE298F4}.Debug|x86.Build.0 = Debug|Any CPU
		{08F006D3-9B79-40D2-9ABF-A8FC0FE298F4}.Release|Any CPU.ActiveCfg = Release|Any CPU
		{08F006D3-9B79-40D2-9ABF-A8FC0FE298F4}.Release|Any CPU.Build.0 = Release|Any CPU
		{08F006D3-9B79-40D2-9ABF-A8FC0FE298F4}.Release|x86.ActiveCfg = Release|Any CPU
		{08F006D3-9B79-40D2-9ABF-A8FC0FE298F4}.Release|x86.Build.0 = Release|Any CPU
		{87D58E63-DF39-41A5-913D-554ED57B211D}.Debug|Any CPU.ActiveCfg = Debug|Any CPU
		{87D58E63-DF39-41A5-913D-554ED57B211D}.Debug|Any CPU.Build.0 = Debug|Any CPU
		{87D58E63-DF39-41A5-913D-554ED57B211D}.Debug|x86.ActiveCfg = Debug|Any CPU
		{87D58E63-DF39-41A5-913D-554ED57B211D}.Debug|x86.Build.0 = Debug|Any CPU
		{87D58E63-DF39-41A5-913D-554ED57B211D}.Release|Any CPU.ActiveCfg = Release|Any CPU
		{87D58E63-DF39-41A5-913D-554ED57B211D}.Release|Any CPU.Build.0 = Release|Any CPU
		{87D58E63-DF39-41A5-913D-554ED57B211D}.Release|x86.ActiveCfg = Release|Any CPU
		{87D58E63-DF39-41A5-913D-554ED57B211D}.Release|x86.Build.0 = Release|Any CPU
		{3B04829E-9B3E-4114-AC09-E79A4AC6E0F2}.Debug|Any CPU.ActiveCfg = Debug|Any CPU
		{3B04829E-9B3E-4114-AC09-E79A4AC6E0F2}.Debug|Any CPU.Build.0 = Debug|Any CPU
		{3B04829E-9B3E-4114-AC09-E79A4AC6E0F2}.Debug|x86.ActiveCfg = Debug|Any CPU
		{3B04829E-9B3E-4114-AC09-E79A4AC6E0F2}.Debug|x86.Build.0 = Debug|Any CPU
		{3B04829E-9B3E-4114-AC09-E79A4AC6E0F2}.Release|Any CPU.ActiveCfg = Release|Any CPU
		{3B04829E-9B3E-4114-AC09-E79A4AC6E0F2}.Release|Any CPU.Build.0 = Release|Any CPU
		{3B04829E-9B3E-4114-AC09-E79A4AC6E0F2}.Release|x86.ActiveCfg = Release|Any CPU
		{3B04829E-9B3E-4114-AC09-E79A4AC6E0F2}.Release|x86.Build.0 = Release|Any CPU
		{6DB1FFE3-CDE6-459E-9A60-27ACD7EE462B}.Debug|Any CPU.ActiveCfg = Debug|Any CPU
		{6DB1FFE3-CDE6-459E-9A60-27ACD7EE462B}.Debug|Any CPU.Build.0 = Debug|Any CPU
		{6DB1FFE3-CDE6-459E-9A60-27ACD7EE462B}.Debug|x86.ActiveCfg = Debug|Any CPU
		{6DB1FFE3-CDE6-459E-9A60-27ACD7EE462B}.Debug|x86.Build.0 = Debug|Any CPU
		{6DB1FFE3-CDE6-459E-9A60-27ACD7EE462B}.Release|Any CPU.ActiveCfg = Release|Any CPU
		{6DB1FFE3-CDE6-459E-9A60-27ACD7EE462B}.Release|Any CPU.Build.0 = Release|Any CPU
		{6DB1FFE3-CDE6-459E-9A60-27ACD7EE462B}.Release|x86.ActiveCfg = Release|Any CPU
		{6DB1FFE3-CDE6-459E-9A60-27ACD7EE462B}.Release|x86.Build.0 = Release|Any CPU
		{7A7C1902-DA88-458A-9C3F-24E5E6EF1ABA}.Debug|Any CPU.ActiveCfg = Debug|Any CPU
		{7A7C1902-DA88-458A-9C3F-24E5E6EF1ABA}.Debug|Any CPU.Build.0 = Debug|Any CPU
		{7A7C1902-DA88-458A-9C3F-24E5E6EF1ABA}.Debug|x86.ActiveCfg = Debug|Any CPU
		{7A7C1902-DA88-458A-9C3F-24E5E6EF1ABA}.Debug|x86.Build.0 = Debug|Any CPU
		{7A7C1902-DA88-458A-9C3F-24E5E6EF1ABA}.Release|Any CPU.ActiveCfg = Release|Any CPU
		{7A7C1902-DA88-458A-9C3F-24E5E6EF1ABA}.Release|Any CPU.Build.0 = Release|Any CPU
		{7A7C1902-DA88-458A-9C3F-24E5E6EF1ABA}.Release|x86.ActiveCfg = Release|Any CPU
		{7A7C1902-DA88-458A-9C3F-24E5E6EF1ABA}.Release|x86.Build.0 = Release|Any CPU
		{CF91AD69-885E-4192-AB3F-7080BBA8D8F7}.Debug|Any CPU.ActiveCfg = Debug|Any CPU
		{CF91AD69-885E-4192-AB3F-7080BBA8D8F7}.Debug|Any CPU.Build.0 = Debug|Any CPU
		{CF91AD69-885E-4192-AB3F-7080BBA8D8F7}.Debug|x86.ActiveCfg = Debug|Any CPU
		{CF91AD69-885E-4192-AB3F-7080BBA8D8F7}.Debug|x86.Build.0 = Debug|Any CPU
		{CF91AD69-885E-4192-AB3F-7080BBA8D8F7}.Release|Any CPU.ActiveCfg = Release|Any CPU
		{CF91AD69-885E-4192-AB3F-7080BBA8D8F7}.Release|Any CPU.Build.0 = Release|Any CPU
		{CF91AD69-885E-4192-AB3F-7080BBA8D8F7}.Release|x86.ActiveCfg = Release|Any CPU
		{CF91AD69-885E-4192-AB3F-7080BBA8D8F7}.Release|x86.Build.0 = Release|Any CPU
		{465C5BBD-C386-434A-A4DB-864D80FB33DF}.Debug|Any CPU.ActiveCfg = Debug|Any CPU
		{465C5BBD-C386-434A-A4DB-864D80FB33DF}.Debug|Any CPU.Build.0 = Debug|Any CPU
		{465C5BBD-C386-434A-A4DB-864D80FB33DF}.Debug|x86.ActiveCfg = Debug|Any CPU
		{465C5BBD-C386-434A-A4DB-864D80FB33DF}.Debug|x86.Build.0 = Debug|Any CPU
		{465C5BBD-C386-434A-A4DB-864D80FB33DF}.Release|Any CPU.ActiveCfg = Release|Any CPU
		{465C5BBD-C386-434A-A4DB-864D80FB33DF}.Release|Any CPU.Build.0 = Release|Any CPU
		{465C5BBD-C386-434A-A4DB-864D80FB33DF}.Release|x86.ActiveCfg = Release|Any CPU
		{465C5BBD-C386-434A-A4DB-864D80FB33DF}.Release|x86.Build.0 = Release|Any CPU
		{659E4146-8ECD-47D7-B267-93E2348D5384}.Debug|Any CPU.ActiveCfg = Debug|Any CPU
		{659E4146-8ECD-47D7-B267-93E2348D5384}.Debug|Any CPU.Build.0 = Debug|Any CPU
		{659E4146-8ECD-47D7-B267-93E2348D5384}.Debug|x86.ActiveCfg = Debug|Any CPU
		{659E4146-8ECD-47D7-B267-93E2348D5384}.Debug|x86.Build.0 = Debug|Any CPU
		{659E4146-8ECD-47D7-B267-93E2348D5384}.Release|Any CPU.ActiveCfg = Release|Any CPU
		{659E4146-8ECD-47D7-B267-93E2348D5384}.Release|Any CPU.Build.0 = Release|Any CPU
		{659E4146-8ECD-47D7-B267-93E2348D5384}.Release|x86.ActiveCfg = Release|Any CPU
		{659E4146-8ECD-47D7-B267-93E2348D5384}.Release|x86.Build.0 = Release|Any CPU
		{29AA4196-3E36-4CDE-B49C-C0D61A44B9A1}.Debug|Any CPU.ActiveCfg = Debug|Any CPU
		{29AA4196-3E36-4CDE-B49C-C0D61A44B9A1}.Debug|Any CPU.Build.0 = Debug|Any CPU
		{29AA4196-3E36-4CDE-B49C-C0D61A44B9A1}.Debug|x86.ActiveCfg = Debug|Any CPU
		{29AA4196-3E36-4CDE-B49C-C0D61A44B9A1}.Debug|x86.Build.0 = Debug|Any CPU
		{29AA4196-3E36-4CDE-B49C-C0D61A44B9A1}.Release|Any CPU.ActiveCfg = Release|Any CPU
		{29AA4196-3E36-4CDE-B49C-C0D61A44B9A1}.Release|Any CPU.Build.0 = Release|Any CPU
		{29AA4196-3E36-4CDE-B49C-C0D61A44B9A1}.Release|x86.ActiveCfg = Release|Any CPU
		{29AA4196-3E36-4CDE-B49C-C0D61A44B9A1}.Release|x86.Build.0 = Release|Any CPU
		{DC28EE07-8F0C-42A5-95DA-1E5D479528C2}.Debug|Any CPU.ActiveCfg = Debug|Any CPU
		{DC28EE07-8F0C-42A5-95DA-1E5D479528C2}.Debug|Any CPU.Build.0 = Debug|Any CPU
		{DC28EE07-8F0C-42A5-95DA-1E5D479528C2}.Debug|x86.ActiveCfg = Debug|x86
		{DC28EE07-8F0C-42A5-95DA-1E5D479528C2}.Debug|x86.Build.0 = Debug|x86
		{DC28EE07-8F0C-42A5-95DA-1E5D479528C2}.Release|Any CPU.ActiveCfg = Release|Any CPU
		{DC28EE07-8F0C-42A5-95DA-1E5D479528C2}.Release|Any CPU.Build.0 = Release|Any CPU
		{DC28EE07-8F0C-42A5-95DA-1E5D479528C2}.Release|x86.ActiveCfg = Release|x86
		{DC28EE07-8F0C-42A5-95DA-1E5D479528C2}.Release|x86.Build.0 = Release|x86
		{B6961D86-3FDF-45B7-AF31-7652B319FEC7}.Debug|Any CPU.ActiveCfg = Debug|Any CPU
		{B6961D86-3FDF-45B7-AF31-7652B319FEC7}.Debug|Any CPU.Build.0 = Debug|Any CPU
		{B6961D86-3FDF-45B7-AF31-7652B319FEC7}.Debug|x86.ActiveCfg = Debug|Any CPU
		{B6961D86-3FDF-45B7-AF31-7652B319FEC7}.Debug|x86.Build.0 = Debug|Any CPU
		{B6961D86-3FDF-45B7-AF31-7652B319FEC7}.Release|Any CPU.ActiveCfg = Release|Any CPU
		{B6961D86-3FDF-45B7-AF31-7652B319FEC7}.Release|Any CPU.Build.0 = Release|Any CPU
		{B6961D86-3FDF-45B7-AF31-7652B319FEC7}.Release|x86.ActiveCfg = Release|Any CPU
		{B6961D86-3FDF-45B7-AF31-7652B319FEC7}.Release|x86.Build.0 = Release|Any CPU
		{5D993D2E-4005-46B3-B0D7-2DD4FDBF577B}.Debug|Any CPU.ActiveCfg = Debug|Any CPU
		{5D993D2E-4005-46B3-B0D7-2DD4FDBF577B}.Debug|Any CPU.Build.0 = Debug|Any CPU
		{5D993D2E-4005-46B3-B0D7-2DD4FDBF577B}.Debug|x86.ActiveCfg = Debug|Any CPU
		{5D993D2E-4005-46B3-B0D7-2DD4FDBF577B}.Debug|x86.Build.0 = Debug|Any CPU
		{5D993D2E-4005-46B3-B0D7-2DD4FDBF577B}.Release|Any CPU.ActiveCfg = Release|Any CPU
		{5D993D2E-4005-46B3-B0D7-2DD4FDBF577B}.Release|Any CPU.Build.0 = Release|Any CPU
		{5D993D2E-4005-46B3-B0D7-2DD4FDBF577B}.Release|x86.ActiveCfg = Release|Any CPU
		{5D993D2E-4005-46B3-B0D7-2DD4FDBF577B}.Release|x86.Build.0 = Release|Any CPU
	EndGlobalSection
	GlobalSection(SolutionProperties) = preSolution
		HideSolutionNode = FALSE
	EndGlobalSection
	GlobalSection(NestedProjects) = preSolution
		{A7CB18F2-A148-43DE-8BF6-FE0523BD4988} = {92E6E362-5BE1-44F8-BABE-B71366259D34}
		{0E5D30F8-306C-4F05-9C53-BEC0A9D7EDBC} = {43BC8C9D-3E3E-4A6C-8081-B650A64B4AB8}
		{84D6D803-B871-4FF3-8DF0-DDBB543E08F2} = {43BC8C9D-3E3E-4A6C-8081-B650A64B4AB8}
		{138AD9BA-C3FA-4BC4-9B26-6CC5DCB40476} = {43BC8C9D-3E3E-4A6C-8081-B650A64B4AB8}
		{7C4C5EC3-3F5D-49D8-8A6B-2686404A629F} = {43BC8C9D-3E3E-4A6C-8081-B650A64B4AB8}
		{1541D624-73E8-4946-8FB7-470615C496A0} = {43BC8C9D-3E3E-4A6C-8081-B650A64B4AB8}
		{93D81773-5279-4A8C-8B58-E88D147900E1} = {43BC8C9D-3E3E-4A6C-8081-B650A64B4AB8}
		{A4888F2C-83AB-43A0-9716-09193F684981} = {43BC8C9D-3E3E-4A6C-8081-B650A64B4AB8}
		{423CBE60-9BE3-49DB-9095-1BC2A64ABBE3} = {43BC8C9D-3E3E-4A6C-8081-B650A64B4AB8}
		{F1FB8384-4F8F-4FB4-ADFF-16993343733F} = {43BC8C9D-3E3E-4A6C-8081-B650A64B4AB8}
		{08F006D3-9B79-40D2-9ABF-A8FC0FE298F4} = {43BC8C9D-3E3E-4A6C-8081-B650A64B4AB8}
		{87D58E63-DF39-41A5-913D-554ED57B211D} = {43BC8C9D-3E3E-4A6C-8081-B650A64B4AB8}
		{3B04829E-9B3E-4114-AC09-E79A4AC6E0F2} = {43BC8C9D-3E3E-4A6C-8081-B650A64B4AB8}
		{6DB1FFE3-CDE6-459E-9A60-27ACD7EE462B} = {43BC8C9D-3E3E-4A6C-8081-B650A64B4AB8}
		{7A7C1902-DA88-458A-9C3F-24E5E6EF1ABA} = {43BC8C9D-3E3E-4A6C-8081-B650A64B4AB8}
		{CF91AD69-885E-4192-AB3F-7080BBA8D8F7} = {43BC8C9D-3E3E-4A6C-8081-B650A64B4AB8}
		{465C5BBD-C386-434A-A4DB-864D80FB33DF} = {43BC8C9D-3E3E-4A6C-8081-B650A64B4AB8}
		{659E4146-8ECD-47D7-B267-93E2348D5384} = {43BC8C9D-3E3E-4A6C-8081-B650A64B4AB8}
		{29AA4196-3E36-4CDE-B49C-C0D61A44B9A1} = {43BC8C9D-3E3E-4A6C-8081-B650A64B4AB8}
		{DC28EE07-8F0C-42A5-95DA-1E5D479528C2} = {43BC8C9D-3E3E-4A6C-8081-B650A64B4AB8}
		{B6961D86-3FDF-45B7-AF31-7652B319FEC7} = {43BC8C9D-3E3E-4A6C-8081-B650A64B4AB8}
		{5D993D2E-4005-46B3-B0D7-2DD4FDBF577B} = {43BC8C9D-3E3E-4A6C-8081-B650A64B4AB8}
	EndGlobalSection
	GlobalSection(ExtensibilityGlobals) = postSolution
		SolutionGuid = {35B6DDE7-8873-4665-81D1-40B7DB6A95FD}
	EndGlobalSection
EndGlobal
