
Microsoft Visual Studio Solution File, Format Version 12.00
# Visual Studio 15
VisualStudioVersion = 15.0.26730.10
MinimumVisualStudioVersion = 10.0.40219.1
Project("{FAE04EC0-301F-11D3-BF4B-00C04F79EFBC}") = "ManifestoForAddOns", "Manifesto\ManifestoForAddOns.csproj", "{A7CB18F2-A148-43DE-8BF6-FE0523BD4988}"
EndProject
Project("{FAE04EC0-301F-11D3-BF4B-00C04F79EFBC}") = "ImportSequenceNumber", "ImportSequenceNumber\ImportSequenceNumber.csproj", "{0E5D30F8-306C-4F05-9C53-BEC0A9D7EDBC}"
EndProject
Project("{FAE04EC0-301F-11D3-BF4B-00C04F79EFBC}") = "DerivePageCountFromPageRange", "DerivePageCountFromPageRange\DerivePageCountFromPageRange.csproj", "{84D6D803-B871-4FF3-8DF0-DDBB543E08F2}"
EndProject
Project("{FAE04EC0-301F-11D3-BF4B-00C04F79EFBC}") = "MacroManager", "MacroManager\MacroManager.csproj", "{138AD9BA-C3FA-4BC4-9B26-6CC5DCB40476}"
EndProject
Project("{FAE04EC0-301F-11D3-BF4B-00C04F79EFBC}") = "ImportJournals", "ImportJournals\ImportJournals.csproj", "{7C4C5EC3-3F5D-49D8-8A6B-2686404A629F}"
EndProject
Project("{FAE04EC0-301F-11D3-BF4B-00C04F79EFBC}") = "NormalizeAllCapitalAuthorNames", "NormalizeAllCapitalAuthorNames\NormalizeAllCapitalAuthorNames.csproj", "{1541D624-73E8-4946-8FB7-470615C496A0}"
EndProject
Project("{FAE04EC0-301F-11D3-BF4B-00C04F79EFBC}") = "CheckUrlAndSetDate", "CheckUrlAndSetDate\CheckUrlAndSetDate.csproj", "{93D81773-5279-4A8C-8B58-E88D147900E1}"
EndProject
Project("{2150E333-8FDC-42A3-9474-1A3956D46DE8}") = "AddOns", "AddOns", "{43BC8C9D-3E3E-4A6C-8081-B650A64B4AB8}"
EndProject
Project("{2150E333-8FDC-42A3-9474-1A3956D46DE8}") = "Utilities", "Utilities", "{92E6E362-5BE1-44F8-BABE-B71366259D34}"
EndProject
Global
	GlobalSection(SolutionConfigurationPlatforms) = preSolution
		Debug|Any CPU = Debug|Any CPU
		Debug|x86 = Debug|x86
		Release|Any CPU = Release|Any CPU
		Release|x86 = Release|x86
	EndGlobalSection
	GlobalSection(ProjectConfigurationPlatforms) = postSolution
		{A7CB18F2-A148-43DE-8BF6-FE0523BD4988}.Debug|Any CPU.ActiveCfg = Debug|Any CPU
		{A7CB18F2-A148-43DE-8BF6-FE0523BD4988}.Debug|Any CPU.Build.0 = Debug|Any CPU
		{A7CB18F2-A148-43DE-8BF6-FE0523BD4988}.Debug|x86.ActiveCfg = Debug|Any CPU
		{A7CB18F2-A148-43DE-8BF6-FE0523BD4988}.Debug|x86.Build.0 = Debug|Any CPU
		{A7CB18F2-A148-43DE-8BF6-FE0523BD4988}.Release|Any CPU.ActiveCfg = Release|Any CPU
		{A7CB18F2-A148-43DE-8BF6-FE0523BD4988}.Release|Any CPU.Build.0 = Release|Any CPU
		{A7CB18F2-A148-43DE-8BF6-FE0523BD4988}.Release|x86.ActiveCfg = Release|Any CPU
		{A7CB18F2-A148-43DE-8BF6-FE0523BD4988}.Release|x86.Build.0 = Release|Any CPU
		{0E5D30F8-306C-4F05-9C53-BEC0A9D7EDBC}.Debug|Any CPU.ActiveCfg = Debug|Any CPU
		{0E5D30F8-306C-4F05-9C53-BEC0A9D7EDBC}.Debug|Any CPU.Build.0 = Debug|Any CPU
		{0E5D30F8-306C-4F05-9C53-BEC0A9D7EDBC}.Debug|x86.ActiveCfg = Debug|Any CPU
		{0E5D30F8-306C-4F05-9C53-BEC0A9D7EDBC}.Debug|x86.Build.0 = Debug|Any CPU
		{0E5D30F8-306C-4F05-9C53-BEC0A9D7EDBC}.Release|Any CPU.ActiveCfg = Release|Any CPU
		{0E5D30F8-306C-4F05-9C53-BEC0A9D7EDBC}.Release|Any CPU.Build.0 = Release|Any CPU
		{0E5D30F8-306C-4F05-9C53-BEC0A9D7EDBC}.Release|x86.ActiveCfg = Release|Any CPU
		{0E5D30F8-306C-4F05-9C53-BEC0A9D7EDBC}.Release|x86.Build.0 = Release|Any CPU
		{84D6D803-B871-4FF3-8DF0-DDBB543E08F2}.Debug|Any CPU.ActiveCfg = Debug|Any CPU
		{84D6D803-B871-4FF3-8DF0-DDBB543E08F2}.Debug|Any CPU.Build.0 = Debug|Any CPU
		{84D6D803-B871-4FF3-8DF0-DDBB543E08F2}.Debug|x86.ActiveCfg = Debug|x86
		{84D6D803-B871-4FF3-8DF0-DDBB543E08F2}.Debug|x86.Build.0 = Debug|x86
		{84D6D803-B871-4FF3-8DF0-DDBB543E08F2}.Release|Any CPU.ActiveCfg = Release|Any CPU
		{84D6D803-B871-4FF3-8DF0-DDBB543E08F2}.Release|Any CPU.Build.0 = Release|Any CPU
		{84D6D803-B871-4FF3-8DF0-DDBB543E08F2}.Release|x86.ActiveCfg = Release|x86
		{84D6D803-B871-4FF3-8DF0-DDBB543E08F2}.Release|x86.Build.0 = Release|x86
		{138AD9BA-C3FA-4BC4-9B26-6CC5DCB40476}.Debug|Any CPU.ActiveCfg = Debug|Any CPU
		{138AD9BA-C3FA-4BC4-9B26-6CC5DCB40476}.Debug|Any CPU.Build.0 = Debug|Any CPU
		{138AD9BA-C3FA-4BC4-9B26-6CC5DCB40476}.Debug|x86.ActiveCfg = Debug|Any CPU
		{138AD9BA-C3FA-4BC4-9B26-6CC5DCB40476}.Debug|x86.Build.0 = Debug|Any CPU
		{138AD9BA-C3FA-4BC4-9B26-6CC5DCB40476}.Release|Any CPU.ActiveCfg = Release|Any CPU
		{138AD9BA-C3FA-4BC4-9B26-6CC5DCB40476}.Release|Any CPU.Build.0 = Release|Any CPU
		{138AD9BA-C3FA-4BC4-9B26-6CC5DCB40476}.Release|x86.ActiveCfg = Release|Any CPU
		{138AD9BA-C3FA-4BC4-9B26-6CC5DCB40476}.Release|x86.Build.0 = Release|Any CPU
		{7C4C5EC3-3F5D-49D8-8A6B-2686404A629F}.Debug|Any CPU.ActiveCfg = Debug|Any CPU
		{7C4C5EC3-3F5D-49D8-8A6B-2686404A629F}.Debug|Any CPU.Build.0 = Debug|Any CPU
		{7C4C5EC3-3F5D-49D8-8A6B-2686404A629F}.Debug|x86.ActiveCfg = Debug|Any CPU
		{7C4C5EC3-3F5D-49D8-8A6B-2686404A629F}.Debug|x86.Build.0 = Debug|Any CPU
		{7C4C5EC3-3F5D-49D8-8A6B-2686404A629F}.Release|Any CPU.ActiveCfg = Release|Any CPU
		{7C4C5EC3-3F5D-49D8-8A6B-2686404A629F}.Release|Any CPU.Build.0 = Release|Any CPU
		{7C4C5EC3-3F5D-49D8-8A6B-2686404A629F}.Release|x86.ActiveCfg = Release|Any CPU
		{7C4C5EC3-3F5D-49D8-8A6B-2686404A629F}.Release|x86.Build.0 = Release|Any CPU
		{1541D624-73E8-4946-8FB7-470615C496A0}.Debug|Any CPU.ActiveCfg = Debug|Any CPU
		{1541D624-73E8-4946-8FB7-470615C496A0}.Debug|Any CPU.Build.0 = Debug|Any CPU
		{1541D624-73E8-4946-8FB7-470615C496A0}.Debug|x86.ActiveCfg = Debug|Any CPU
		{1541D624-73E8-4946-8FB7-470615C496A0}.Debug|x86.Build.0 = Debug|Any CPU
		{1541D624-73E8-4946-8FB7-470615C496A0}.Release|Any CPU.ActiveCfg = Release|Any CPU
		{1541D624-73E8-4946-8FB7-470615C496A0}.Release|Any CPU.Build.0 = Release|Any CPU
		{1541D624-73E8-4946-8FB7-470615C496A0}.Release|x86.ActiveCfg = Release|Any CPU
		{1541D624-73E8-4946-8FB7-470615C496A0}.Release|x86.Build.0 = Release|Any CPU
		{93D81773-5279-4A8C-8B58-E88D147900E1}.Debug|Any CPU.ActiveCfg = Debug|Any CPU
		{93D81773-5279-4A8C-8B58-E88D147900E1}.Debug|Any CPU.Build.0 = Debug|Any CPU
		{93D81773-5279-4A8C-8B58-E88D147900E1}.Debug|x86.ActiveCfg = Debug|Any CPU
		{93D81773-5279-4A8C-8B58-E88D147900E1}.Debug|x86.Build.0 = Debug|Any CPU
		{93D81773-5279-4A8C-8B58-E88D147900E1}.Release|Any CPU.ActiveCfg = Release|Any CPU
		{93D81773-5279-4A8C-8B58-E88D147900E1}.Release|Any CPU.Build.0 = Release|Any CPU
		{93D81773-5279-4A8C-8B58-E88D147900E1}.Release|x86.ActiveCfg = Release|Any CPU
		{93D81773-5279-4A8C-8B58-E88D147900E1}.Release|x86.Build.0 = Release|Any CPU
	EndGlobalSection
	GlobalSection(SolutionProperties) = preSolution
		HideSolutionNode = FALSE
	EndGlobalSection
	GlobalSection(NestedProjects) = preSolution
		{A7CB18F2-A148-43DE-8BF6-FE0523BD4988} = {92E6E362-5BE1-44F8-BABE-B71366259D34}
		{0E5D30F8-306C-4F05-9C53-BEC0A9D7EDBC} = {43BC8C9D-3E3E-4A6C-8081-B650A64B4AB8}
		{84D6D803-B871-4FF3-8DF0-DDBB543E08F2} = {43BC8C9D-3E3E-4A6C-8081-B650A64B4AB8}
		{138AD9BA-C3FA-4BC4-9B26-6CC5DCB40476} = {43BC8C9D-3E3E-4A6C-8081-B650A64B4AB8}
		{7C4C5EC3-3F5D-49D8-8A6B-2686404A629F} = {43BC8C9D-3E3E-4A6C-8081-B650A64B4AB8}
		{1541D624-73E8-4946-8FB7-470615C496A0} = {43BC8C9D-3E3E-4A6C-8081-B650A64B4AB8}
		{93D81773-5279-4A8C-8B58-E88D147900E1} = {43BC8C9D-3E3E-4A6C-8081-B650A64B4AB8}
	EndGlobalSection
	GlobalSection(ExtensibilityGlobals) = postSolution
		SolutionGuid = {35B6DDE7-8873-4665-81D1-40B7DB6A95FD}
	EndGlobalSection
EndGlobal
